
Microsoft Visual Studio Solution File, Format Version 12.00
# Visual Studio Version 16
VisualStudioVersion = 16.0.30907.101
MinimumVisualStudioVersion = 10.0.40219.1
Project("{FAE04EC0-301F-11D3-BF4B-00C04F79EFBC}") = "DatingApp.API", "DatingApp.API\DatingApp.API.csproj", "{1F89F9CB-01CA-4F57-AA7D-9161C44D3397}"
EndProject
Global
	GlobalSection(SolutionConfigurationPlatforms) = preSolution
		Debug|Any CPU = Debug|Any CPU
		Release|Any CPU = Release|Any CPU
	EndGlobalSection
	GlobalSection(ProjectConfigurationPlatforms) = postSolution
		{1F89F9CB-01CA-4F57-AA7D-9161C44D3397}.Debug|Any CPU.ActiveCfg = Debug|Any CPU
		{1F89F9CB-01CA-4F57-AA7D-9161C44D3397}.Debug|Any CPU.Build.0 = Debug|Any CPU
		{1F89F9CB-01CA-4F57-AA7D-9161C44D3397}.Release|Any CPU.ActiveCfg = Release|Any CPU
		{1F89F9CB-01CA-4F57-AA7D-9161C44D3397}.Release|Any CPU.Build.0 = Release|Any CPU
	EndGlobalSection
	GlobalSection(SolutionProperties) = preSolution
		HideSolutionNode = FALSE
	EndGlobalSection
	GlobalSection(ExtensibilityGlobals) = postSolution
		SolutionGuid = {137AB232-DCC7-4AFC-AAA6-10C89154B50C}
	EndGlobalSection
EndGlobal
